// !$*UTF8*$!
{
	archiveVersion = 1;
	classes = {
	};
	objectVersion = 56;
	objects = {

/* Begin PBXBuildFile section */
		2457B0DA2A5AE31E004E3987 /* Landmark.swift in Sources */ = {isa = PBXBuildFile; fileRef = 2457B0D92A5AE31E004E3987 /* Landmark.swift */; };
		2457B0DC2A5AE42A004E3987 /* ModelData.swift in Sources */ = {isa = PBXBuildFile; fileRef = 2457B0DB2A5AE42A004E3987 /* ModelData.swift */; };
		2457B0E02A5AE579004E3987 /* LandmarkRow.swift in Sources */ = {isa = PBXBuildFile; fileRef = 2457B0DF2A5AE579004E3987 /* LandmarkRow.swift */; };
		2457B0E22A5AE8F7004E3987 /* LandmarkList.swift in Sources */ = {isa = PBXBuildFile; fileRef = 2457B0E12A5AE8F7004E3987 /* LandmarkList.swift */; };
		2457B0E42A5AF09C004E3987 /* LandmarkDetail.swift in Sources */ = {isa = PBXBuildFile; fileRef = 2457B0E32A5AF09C004E3987 /* LandmarkDetail.swift */; };
		246AE1352A5ADAA400258579 /* CircleImage.swift in Sources */ = {isa = PBXBuildFile; fileRef = 246AE1342A5ADAA400258579 /* CircleImage.swift */; };
		246AE1372A5ADDB500258579 /* MapView.swift in Sources */ = {isa = PBXBuildFile; fileRef = 246AE1362A5ADDB500258579 /* MapView.swift */; };
		24A3BE542A5ACE9400267DF5 /* LandmarksApp.swift in Sources */ = {isa = PBXBuildFile; fileRef = 24A3BE532A5ACE9400267DF5 /* LandmarksApp.swift */; };
		24A3BE562A5ACE9400267DF5 /* ContentView.swift in Sources */ = {isa = PBXBuildFile; fileRef = 24A3BE552A5ACE9400267DF5 /* ContentView.swift */; };
		24A3BE582A5ACE9500267DF5 /* Assets.xcassets in Resources */ = {isa = PBXBuildFile; fileRef = 24A3BE572A5ACE9500267DF5 /* Assets.xcassets */; };
		24A3BE5B2A5ACE9500267DF5 /* Preview Assets.xcassets in Resources */ = {isa = PBXBuildFile; fileRef = 24A3BE5A2A5ACE9500267DF5 /* Preview Assets.xcassets */; };
		24C75F1C2A5B134100D84A2D /*  HexagonParameters.swift in Sources */ = {isa = PBXBuildFile; fileRef = 24C75F1B2A5B134100D84A2D /*  HexagonParameters.swift */; };
		24C75F1E2A5B140C00D84A2D /* BadgeBackground.swift in Sources */ = {isa = PBXBuildFile; fileRef = 24C75F1D2A5B140C00D84A2D /* BadgeBackground.swift */; };
		24C75F202A5B180A00D84A2D /* BadgeSymbol.swift in Sources */ = {isa = PBXBuildFile; fileRef = 24C75F1F2A5B180A00D84A2D /* BadgeSymbol.swift */; };
		24C75F222A5B18FA00D84A2D /* RotatedBadgeSymbol.swift in Sources */ = {isa = PBXBuildFile; fileRef = 24C75F212A5B18FA00D84A2D /* RotatedBadgeSymbol.swift */; };
		24C75F242A5B195500D84A2D /* Badge.swift in Sources */ = {isa = PBXBuildFile; fileRef = 24C75F232A5B195500D84A2D /* Badge.swift */; };
		24FCEB972A5AFAA400993FA6 /* landmarkData.json in Resources */ = {isa = PBXBuildFile; fileRef = 24FCEB962A5AFAA400993FA6 /* landmarkData.json */; };
		24FCEB992A5B0DE400993FA6 /* FavoriteButton.swift in Sources */ = {isa = PBXBuildFile; fileRef = 24FCEB982A5B0DE400993FA6 /* FavoriteButton.swift */; };
/* End PBXBuildFile section */

/* Begin PBXFileReference section */
		2457B0D92A5AE31E004E3987 /* Landmark.swift */ = {isa = PBXFileReference; lastKnownFileType = sourcecode.swift; path = Landmark.swift; sourceTree = "<group>"; };
		2457B0DB2A5AE42A004E3987 /* ModelData.swift */ = {isa = PBXFileReference; lastKnownFileType = sourcecode.swift; path = ModelData.swift; sourceTree = "<group>"; };
		2457B0DF2A5AE579004E3987 /* LandmarkRow.swift */ = {isa = PBXFileReference; lastKnownFileType = sourcecode.swift; path = LandmarkRow.swift; sourceTree = "<group>"; };
		2457B0E12A5AE8F7004E3987 /* LandmarkList.swift */ = {isa = PBXFileReference; lastKnownFileType = sourcecode.swift; path = LandmarkList.swift; sourceTree = "<group>"; };
		2457B0E32A5AF09C004E3987 /* LandmarkDetail.swift */ = {isa = PBXFileReference; lastKnownFileType = sourcecode.swift; path = LandmarkDetail.swift; sourceTree = "<group>"; };
		246AE1342A5ADAA400258579 /* CircleImage.swift */ = {isa = PBXFileReference; lastKnownFileType = sourcecode.swift; path = CircleImage.swift; sourceTree = "<group>"; };
		246AE1362A5ADDB500258579 /* MapView.swift */ = {isa = PBXFileReference; lastKnownFileType = sourcecode.swift; path = MapView.swift; sourceTree = "<group>"; };
		24A3BE502A5ACE9400267DF5 /* Landmarks.app */ = {isa = PBXFileReference; explicitFileType = wrapper.application; includeInIndex = 0; path = Landmarks.app; sourceTree = BUILT_PRODUCTS_DIR; };
		24A3BE532A5ACE9400267DF5 /* LandmarksApp.swift */ = {isa = PBXFileReference; lastKnownFileType = sourcecode.swift; path = LandmarksApp.swift; sourceTree = "<group>"; };
		24A3BE552A5ACE9400267DF5 /* ContentView.swift */ = {isa = PBXFileReference; lastKnownFileType = sourcecode.swift; path = ContentView.swift; sourceTree = "<group>"; };
		24A3BE572A5ACE9500267DF5 /* Assets.xcassets */ = {isa = PBXFileReference; lastKnownFileType = folder.assetcatalog; path = Assets.xcassets; sourceTree = "<group>"; };
		24A3BE5A2A5ACE9500267DF5 /* Preview Assets.xcassets */ = {isa = PBXFileReference; lastKnownFileType = folder.assetcatalog; path = "Preview Assets.xcassets"; sourceTree = "<group>"; };
		24C75F1B2A5B134100D84A2D /*  HexagonParameters.swift */ = {isa = PBXFileReference; lastKnownFileType = sourcecode.swift; path = " HexagonParameters.swift"; sourceTree = "<group>"; };
		24C75F1D2A5B140C00D84A2D /* BadgeBackground.swift */ = {isa = PBXFileReference; lastKnownFileType = sourcecode.swift; path = BadgeBackground.swift; sourceTree = "<group>"; };
		24C75F1F2A5B180A00D84A2D /* BadgeSymbol.swift */ = {isa = PBXFileReference; lastKnownFileType = sourcecode.swift; path = BadgeSymbol.swift; sourceTree = "<group>"; };
		24C75F212A5B18FA00D84A2D /* RotatedBadgeSymbol.swift */ = {isa = PBXFileReference; lastKnownFileType = sourcecode.swift; path = RotatedBadgeSymbol.swift; sourceTree = "<group>"; };
		24C75F232A5B195500D84A2D /* Badge.swift */ = {isa = PBXFileReference; lastKnownFileType = sourcecode.swift; path = Badge.swift; sourceTree = "<group>"; };
		24FCEB962A5AFAA400993FA6 /* landmarkData.json */ = {isa = PBXFileReference; fileEncoding = 4; lastKnownFileType = text.json; path = landmarkData.json; sourceTree = "<group>"; };
		24FCEB982A5B0DE400993FA6 /* FavoriteButton.swift */ = {isa = PBXFileReference; lastKnownFileType = sourcecode.swift; path = FavoriteButton.swift; sourceTree = "<group>"; };
/* End PBXFileReference section */

/* Begin PBXFrameworksBuildPhase section */
		24A3BE4D2A5ACE9400267DF5 /* Frameworks */ = {
			isa = PBXFrameworksBuildPhase;
			buildActionMask = 2147483647;
			files = (
			);
			runOnlyForDeploymentPostprocessing = 0;
		};
/* End PBXFrameworksBuildPhase section */

/* Begin PBXGroup section */
		2457B0D62A5AE2CD004E3987 /* Resources */ = {
			isa = PBXGroup;
			children = (
				24FCEB962A5AFAA400993FA6 /* landmarkData.json */,
			);
			path = Resources;
			sourceTree = "<group>";
		};
		2457B0DD2A5AE48E004E3987 /* Views */ = {
			isa = PBXGroup;
			children = (
				24A3BE552A5ACE9400267DF5 /* ContentView.swift */,
				24FCEB9A2A5B0E6700993FA6 /* Helpers */,
				2457B0DF2A5AE579004E3987 /* LandmarkRow.swift */,
				2457B0E12A5AE8F7004E3987 /* LandmarkList.swift */,
				2457B0E32A5AF09C004E3987 /* LandmarkDetail.swift */,
				24C75F252A5B1A1600D84A2D /* Badges */,
			);
			path = Views;
			sourceTree = "<group>";
		};
		2457B0DE2A5AE4B1004E3987 /* Model */ = {
			isa = PBXGroup;
			children = (
				2457B0D92A5AE31E004E3987 /* Landmark.swift */,
				2457B0DB2A5AE42A004E3987 /* ModelData.swift */,
			);
			path = Model;
			sourceTree = "<group>";
		};
		24A3BE472A5ACE9300267DF5 = {
			isa = PBXGroup;
			children = (
				24A3BE522A5ACE9400267DF5 /* Landmarks */,
				24A3BE512A5ACE9400267DF5 /* Products */,
			);
			sourceTree = "<group>";
		};
		24A3BE512A5ACE9400267DF5 /* Products */ = {
			isa = PBXGroup;
			children = (
				24A3BE502A5ACE9400267DF5 /* Landmarks.app */,
			);
			name = Products;
			sourceTree = "<group>";
		};
		24A3BE522A5ACE9400267DF5 /* Landmarks */ = {
			isa = PBXGroup;
			children = (
				24A3BE532A5ACE9400267DF5 /* LandmarksApp.swift */,
				2457B0DD2A5AE48E004E3987 /* Views */,
				2457B0DE2A5AE4B1004E3987 /* Model */,
				24A3BE572A5ACE9500267DF5 /* Assets.xcassets */,
				2457B0D62A5AE2CD004E3987 /* Resources */,
				24A3BE592A5ACE9500267DF5 /* Preview Content */,
			);
			path = Landmarks;
			sourceTree = "<group>";
		};
		24A3BE592A5ACE9500267DF5 /* Preview Content */ = {
			isa = PBXGroup;
			children = (
				24A3BE5A2A5ACE9500267DF5 /* Preview Assets.xcassets */,
			);
			path = "Preview Content";
			sourceTree = "<group>";
		};
		24C75F252A5B1A1600D84A2D /* Badges */ = {
			isa = PBXGroup;
			children = (
				24C75F232A5B195500D84A2D /* Badge.swift */,
				24C75F1D2A5B140C00D84A2D /* BadgeBackground.swift */,
				24C75F1F2A5B180A00D84A2D /* BadgeSymbol.swift */,
				24C75F212A5B18FA00D84A2D /* RotatedBadgeSymbol.swift */,
				24C75F1B2A5B134100D84A2D /*  HexagonParameters.swift */,
			);
			path = Badges;
			sourceTree = "<group>";
		};
		24FCEB9A2A5B0E6700993FA6 /* Helpers */ = {
			isa = PBXGroup;
			children = (
				246AE1342A5ADAA400258579 /* CircleImage.swift */,
				246AE1362A5ADDB500258579 /* MapView.swift */,
				24FCEB982A5B0DE400993FA6 /* FavoriteButton.swift */,
			);
			path = Helpers;
			sourceTree = "<group>";
		};
/* End PBXGroup section */

/* Begin PBXNativeTarget section */
		24A3BE4F2A5ACE9400267DF5 /* Landmarks */ = {
			isa = PBXNativeTarget;
			buildConfigurationList = 24A3BE5E2A5ACE9500267DF5 /* Build configuration list for PBXNativeTarget "Landmarks" */;
			buildPhases = (
				24A3BE4C2A5ACE9400267DF5 /* Sources */,
				24A3BE4D2A5ACE9400267DF5 /* Frameworks */,
				24A3BE4E2A5ACE9400267DF5 /* Resources */,
			);
			buildRules = (
			);
			dependencies = (
			);
			name = Landmarks;
			productName = Landmarks;
			productReference = 24A3BE502A5ACE9400267DF5 /* Landmarks.app */;
			productType = "com.apple.product-type.application";
		};
/* End PBXNativeTarget section */

/* Begin PBXProject section */
		24A3BE482A5ACE9300267DF5 /* Project object */ = {
			isa = PBXProject;
			attributes = {
				BuildIndependentTargetsInParallel = 1;
				LastSwiftUpdateCheck = 1430;
				LastUpgradeCheck = 1430;
				TargetAttributes = {
					24A3BE4F2A5ACE9400267DF5 = {
						CreatedOnToolsVersion = 14.3.1;
					};
				};
			};
			buildConfigurationList = 24A3BE4B2A5ACE9300267DF5 /* Build configuration list for PBXProject "Landmarks" */;
			compatibilityVersion = "Xcode 14.0";
			developmentRegion = en;
			hasScannedForEncodings = 0;
			knownRegions = (
				en,
				Base,
			);
			mainGroup = 24A3BE472A5ACE9300267DF5;
			productRefGroup = 24A3BE512A5ACE9400267DF5 /* Products */;
			projectDirPath = "";
			projectRoot = "";
			targets = (
				24A3BE4F2A5ACE9400267DF5 /* Landmarks */,
			);
		};
/* End PBXProject section */

/* Begin PBXResourcesBuildPhase section */
		24A3BE4E2A5ACE9400267DF5 /* Resources */ = {
			isa = PBXResourcesBuildPhase;
			buildActionMask = 2147483647;
			files = (
				24A3BE5B2A5ACE9500267DF5 /* Preview Assets.xcassets in Resources */,
				24A3BE582A5ACE9500267DF5 /* Assets.xcassets in Resources */,
				24FCEB972A5AFAA400993FA6 /* landmarkData.json in Resources */,
			);
			runOnlyForDeploymentPostprocessing = 0;
		};
/* End PBXResourcesBuildPhase section */

/* Begin PBXSourcesBuildPhase section */
		24A3BE4C2A5ACE9400267DF5 /* Sources */ = {
			isa = PBXSourcesBuildPhase;
			buildActionMask = 2147483647;
			files = (
				24A3BE562A5ACE9400267DF5 /* ContentView.swift in Sources */,
				24C75F242A5B195500D84A2D /* Badge.swift in Sources */,
				246AE1372A5ADDB500258579 /* MapView.swift in Sources */,
				24A3BE542A5ACE9400267DF5 /* LandmarksApp.swift in Sources */,
				24FCEB992A5B0DE400993FA6 /* FavoriteButton.swift in Sources */,
				2457B0E22A5AE8F7004E3987 /* LandmarkList.swift in Sources */,
				24C75F222A5B18FA00D84A2D /* RotatedBadgeSymbol.swift in Sources */,
				24C75F202A5B180A00D84A2D /* BadgeSymbol.swift in Sources */,
				2457B0E42A5AF09C004E3987 /* LandmarkDetail.swift in Sources */,
				246AE1352A5ADAA400258579 /* CircleImage.swift in Sources */,
				24C75F1E2A5B140C00D84A2D /* BadgeBackground.swift in Sources */,
				2457B0DA2A5AE31E004E3987 /* Landmark.swift in Sources */,
				2457B0E02A5AE579004E3987 /* LandmarkRow.swift in Sources */,
				24C75F1C2A5B134100D84A2D /*  HexagonParameters.swift in Sources */,
				2457B0DC2A5AE42A004E3987 /* ModelData.swift in Sources */,
			);
			runOnlyForDeploymentPostprocessing = 0;
		};
/* End PBXSourcesBuildPhase section */

/* Begin XCBuildConfiguration section */
		24A3BE5C2A5ACE9500267DF5 /* Debug */ = {
			isa = XCBuildConfiguration;
			buildSettings = {
				ALWAYS_SEARCH_USER_PATHS = NO;
				CLANG_ANALYZER_NONNULL = YES;
				CLANG_ANALYZER_NUMBER_OBJECT_CONVERSION = YES_AGGRESSIVE;
				CLANG_CXX_LANGUAGE_STANDARD = "gnu++20";
				CLANG_ENABLE_MODULES = YES;
				CLANG_ENABLE_OBJC_ARC = YES;
				CLANG_ENABLE_OBJC_WEAK = YES;
				CLANG_WARN_BLOCK_CAPTURE_AUTORELEASING = YES;
				CLANG_WARN_BOOL_CONVERSION = YES;
				CLANG_WARN_COMMA = YES;
				CLANG_WARN_CONSTANT_CONVERSION = YES;
				CLANG_WARN_DEPRECATED_OBJC_IMPLEMENTATIONS = YES;
				CLANG_WARN_DIRECT_OBJC_ISA_USAGE = YES_ERROR;
				CLANG_WARN_DOCUMENTATION_COMMENTS = YES;
				CLANG_WARN_EMPTY_BODY = YES;
				CLANG_WARN_ENUM_CONVERSION = YES;
				CLANG_WARN_INFINITE_RECURSION = YES;
				CLANG_WARN_INT_CONVERSION = YES;
				CLANG_WARN_NON_LITERAL_NULL_CONVERSION = YES;
				CLANG_WARN_OBJC_IMPLICIT_RETAIN_SELF = YES;
				CLANG_WARN_OBJC_LITERAL_CONVERSION = YES;
				CLANG_WARN_OBJC_ROOT_CLASS = YES_ERROR;
				CLANG_WARN_QUOTED_INCLUDE_IN_FRAMEWORK_HEADER = YES;
				CLANG_WARN_RANGE_LOOP_ANALYSIS = YES;
				CLANG_WARN_STRICT_PROTOTYPES = YES;
				CLANG_WARN_SUSPICIOUS_MOVE = YES;
				CLANG_WARN_UNGUARDED_AVAILABILITY = YES_AGGRESSIVE;
				CLANG_WARN_UNREACHABLE_CODE = YES;
				CLANG_WARN__DUPLICATE_METHOD_MATCH = YES;
				COPY_PHASE_STRIP = NO;
				DEBUG_INFORMATION_FORMAT = dwarf;
				ENABLE_STRICT_OBJC_MSGSEND = YES;
				ENABLE_TESTABILITY = YES;
				GCC_C_LANGUAGE_STANDARD = gnu11;
				GCC_DYNAMIC_NO_PIC = NO;
				GCC_NO_COMMON_BLOCKS = YES;
				GCC_OPTIMIZATION_LEVEL = 0;
				GCC_PREPROCESSOR_DEFINITIONS = (
					"DEBUG=1",
					"$(inherited)",
				);
				GCC_WARN_64_TO_32_BIT_CONVERSION = YES;
				GCC_WARN_ABOUT_RETURN_TYPE = YES_ERROR;
				GCC_WARN_UNDECLARED_SELECTOR = YES;
				GCC_WARN_UNINITIALIZED_AUTOS = YES_AGGRESSIVE;
				GCC_WARN_UNUSED_FUNCTION = YES;
				GCC_WARN_UNUSED_VARIABLE = YES;
				IPHONEOS_DEPLOYMENT_TARGET = 16.4;
				MTL_ENABLE_DEBUG_INFO = INCLUDE_SOURCE;
				MTL_FAST_MATH = YES;
				ONLY_ACTIVE_ARCH = YES;
				SDKROOT = iphoneos;
				SWIFT_ACTIVE_COMPILATION_CONDITIONS = DEBUG;
				SWIFT_OPTIMIZATION_LEVEL = "-Onone";
			};
			name = Debug;
		};
		24A3BE5D2A5ACE9500267DF5 /* Release */ = {
			isa = XCBuildConfiguration;
			buildSettings = {
				ALWAYS_SEARCH_USER_PATHS = NO;
				CLANG_ANALYZER_NONNULL = YES;
				CLANG_ANALYZER_NUMBER_OBJECT_CONVERSION = YES_AGGRESSIVE;
				CLANG_CXX_LANGUAGE_STANDARD = "gnu++20";
				CLANG_ENABLE_MODULES = YES;
				CLANG_ENABLE_OBJC_ARC = YES;
				CLANG_ENABLE_OBJC_WEAK = YES;
				CLANG_WARN_BLOCK_CAPTURE_AUTORELEASING = YES;
				CLANG_WARN_BOOL_CONVERSION = YES;
				CLANG_WARN_COMMA = YES;
				CLANG_WARN_CONSTANT_CONVERSION = YES;
				CLANG_WARN_DEPRECATED_OBJC_IMPLEMENTATIONS = YES;
				CLANG_WARN_DIRECT_OBJC_ISA_USAGE = YES_ERROR;
				CLANG_WARN_DOCUMENTATION_COMMENTS = YES;
				CLANG_WARN_EMPTY_BODY = YES;
				CLANG_WARN_ENUM_CONVERSION = YES;
				CLANG_WARN_INFINITE_RECURSION = YES;
				CLANG_WARN_INT_CONVERSION = YES;
				CLANG_WARN_NON_LITERAL_NULL_CONVERSION = YES;
				CLANG_WARN_OBJC_IMPLICIT_RETAIN_SELF = YES;
				CLANG_WARN_OBJC_LITERAL_CONVERSION = YES;
				CLANG_WARN_OBJC_ROOT_CLASS = YES_ERROR;
				CLANG_WARN_QUOTED_INCLUDE_IN_FRAMEWORK_HEADER = YES;
				CLANG_WARN_RANGE_LOOP_ANALYSIS = YES;
				CLANG_WARN_STRICT_PROTOTYPES = YES;
				CLANG_WARN_SUSPICIOUS_MOVE = YES;
				CLANG_WARN_UNGUARDED_AVAILABILITY = YES_AGGRESSIVE;
				CLANG_WARN_UNREACHABLE_CODE = YES;
				CLANG_WARN__DUPLICATE_METHOD_MATCH = YES;
				COPY_PHASE_STRIP = NO;
				DEBUG_INFORMATION_FORMAT = "dwarf-with-dsym";
				ENABLE_NS_ASSERTIONS = NO;
				ENABLE_STRICT_OBJC_MSGSEND = YES;
				GCC_C_LANGUAGE_STANDARD = gnu11;
				GCC_NO_COMMON_BLOCKS = YES;
				GCC_WARN_64_TO_32_BIT_CONVERSION = YES;
				GCC_WARN_ABOUT_RETURN_TYPE = YES_ERROR;
				GCC_WARN_UNDECLARED_SELECTOR = YES;
				GCC_WARN_UNINITIALIZED_AUTOS = YES_AGGRESSIVE;
				GCC_WARN_UNUSED_FUNCTION = YES;
				GCC_WARN_UNUSED_VARIABLE = YES;
				IPHONEOS_DEPLOYMENT_TARGET = 16.4;
				MTL_ENABLE_DEBUG_INFO = NO;
				MTL_FAST_MATH = YES;
				SDKROOT = iphoneos;
				SWIFT_COMPILATION_MODE = wholemodule;
				SWIFT_OPTIMIZATION_LEVEL = "-O";
				VALIDATE_PRODUCT = YES;
			};
			name = Release;
		};
		24A3BE5F2A5ACE9500267DF5 /* Debug */ = {
			isa = XCBuildConfiguration;
			buildSettings = {
				ASSETCATALOG_COMPILER_APPICON_NAME = AppIcon;
				ASSETCATALOG_COMPILER_GLOBAL_ACCENT_COLOR_NAME = AccentColor;
				CODE_SIGN_STYLE = Automatic;
				CURRENT_PROJECT_VERSION = 1;
				DEVELOPMENT_ASSET_PATHS = "\"Landmarks/Preview Content\"";
				DEVELOPMENT_TEAM = HG2K98M62B;
				ENABLE_PREVIEWS = YES;
				GENERATE_INFOPLIST_FILE = YES;
				INFOPLIST_KEY_UIApplicationSceneManifest_Generation = YES;
				INFOPLIST_KEY_UIApplicationSupportsIndirectInputEvents = YES;
				INFOPLIST_KEY_UILaunchScreen_Generation = YES;
				INFOPLIST_KEY_UISupportedInterfaceOrientations_iPad = "UIInterfaceOrientationPortrait UIInterfaceOrientationPortraitUpsideDown UIInterfaceOrientationLandscapeLeft UIInterfaceOrientationLandscapeRight";
				INFOPLIST_KEY_UISupportedInterfaceOrientations_iPhone = "UIInterfaceOrientationPortrait UIInterfaceOrientationLandscapeLeft UIInterfaceOrientationLandscapeRight";
				LD_RUNPATH_SEARCH_PATHS = (
					"$(inherited)",
					"@executable_path/Frameworks",
				);
				MARKETING_VERSION = 1.0;
				PRODUCT_BUNDLE_IDENTIFIER = com.apple.example.Landmarks;
				PRODUCT_NAME = "$(TARGET_NAME)";
				SWIFT_EMIT_LOC_STRINGS = YES;
				SWIFT_VERSION = 5.0;
				TARGETED_DEVICE_FAMILY = "1,2";
			};
			name = Debug;
		};
		24A3BE602A5ACE9500267DF5 /* Release */ = {
			isa = XCBuildConfiguration;
			buildSettings = {
				ASSETCATALOG_COMPILER_APPICON_NAME = AppIcon;
				ASSETCATALOG_COMPILER_GLOBAL_ACCENT_COLOR_NAME = AccentColor;
				CODE_SIGN_STYLE = Automatic;
				CURRENT_PROJECT_VERSION = 1;
				DEVELOPMENT_ASSET_PATHS = "\"Landmarks/Preview Content\"";
				DEVELOPMENT_TEAM = HG2K98M62B;
				ENABLE_PREVIEWS = YES;
				GENERATE_INFOPLIST_FILE = YES;
				INFOPLIST_KEY_UIApplicationSceneManifest_Generation = YES;
				INFOPLIST_KEY_UIApplicationSupportsIndirectInputEvents = YES;
				INFOPLIST_KEY_UILaunchScreen_Generation = YES;
				INFOPLIST_KEY_UISupportedInterfaceOrientations_iPad = "UIInterfaceOrientationPortrait UIInterfaceOrientationPortraitUpsideDown UIInterfaceOrientationLandscapeLeft UIInterfaceOrientationLandscapeRight";
				INFOPLIST_KEY_UISupportedInterfaceOrientations_iPhone = "UIInterfaceOrientationPortrait UIInterfaceOrientationLandscapeLeft UIInterfaceOrientationLandscapeRight";
				LD_RUNPATH_SEARCH_PATHS = (
					"$(inherited)",
					"@executable_path/Frameworks",
				);
				MARKETING_VERSION = 1.0;
				PRODUCT_BUNDLE_IDENTIFIER = com.apple.example.Landmarks;
				PRODUCT_NAME = "$(TARGET_NAME)";
				SWIFT_EMIT_LOC_STRINGS = YES;
				SWIFT_VERSION = 5.0;
				TARGETED_DEVICE_FAMILY = "1,2";
			};
			name = Release;
		};
/* End XCBuildConfiguration section */

/* Begin XCConfigurationList section */
		24A3BE4B2A5ACE9300267DF5 /* Build configuration list for PBXProject "Landmarks" */ = {
			isa = XCConfigurationList;
			buildConfigurations = (
				24A3BE5C2A5ACE9500267DF5 /* Debug */,
				24A3BE5D2A5ACE9500267DF5 /* Release */,
			);
			defaultConfigurationIsVisible = 0;
			defaultConfigurationName = Release;
		};
		24A3BE5E2A5ACE9500267DF5 /* Build configuration list for PBXNativeTarget "Landmarks" */ = {
			isa = XCConfigurationList;
			buildConfigurations = (
				24A3BE5F2A5ACE9500267DF5 /* Debug */,
				24A3BE602A5ACE9500267DF5 /* Release */,
			);
			defaultConfigurationIsVisible = 0;
			defaultConfigurationName = Release;
		};
/* End XCConfigurationList section */
	};
	rootObject = 24A3BE482A5ACE9300267DF5 /* Project object */;
}
